
Microsoft Visual Studio Solution File, Format Version 12.00
# Visual Studio Version 17
VisualStudioVersion = 17.5.33530.505
MinimumVisualStudioVersion = 10.0.40219.1
Project("{FAE04EC0-301F-11D3-BF4B-00C04F79EFBC}") = "BlazorTest", "BlazorTest\BlazorTest.csproj", "{2FBD02CE-2161-4095-A89A-E59DE8D37FF4}"
EndProject
Global
	GlobalSection(SolutionConfigurationPlatforms) = preSolution
		Debug|Any CPU = Debug|Any CPU
		Release|Any CPU = Release|Any CPU
	EndGlobalSection
	GlobalSection(ProjectConfigurationPlatforms) = postSolution
		{2FBD02CE-2161-4095-A89A-E59DE8D37FF4}.Debug|Any CPU.ActiveCfg = Debug|Any CPU
		{2FBD02CE-2161-4095-A89A-E59DE8D37FF4}.Debug|Any CPU.Build.0 = Debug|Any CPU
		{2FBD02CE-2161-4095-A89A-E59DE8D37FF4}.Release|Any CPU.ActiveCfg = Release|Any CPU
		{2FBD02CE-2161-4095-A89A-E59DE8D37FF4}.Release|Any CPU.Build.0 = Release|Any CPU
	EndGlobalSection
	GlobalSection(SolutionProperties) = preSolution
		HideSolutionNode = FALSE
	EndGlobalSection
	GlobalSection(ExtensibilityGlobals) = postSolution
		SolutionGuid = {6E8E4617-8BA6-46E3-81DB-B51F76034BB6}
	EndGlobalSection
EndGlobal
